
Microsoft Visual Studio Solution File, Format Version 12.00
# Visual Studio 15
VisualStudioVersion = 15.0.28307.572
MinimumVisualStudioVersion = 10.0.40219.1
Project("{8BC9CEB8-8B4A-11D0-8D11-00A0C91BC942}") = "kalman", "kalman\kalman.vcxproj", "{403371B3-7490-4F5F-B4CB-0058B466D6DD}"
EndProject
Global
	GlobalSection(SolutionConfigurationPlatforms) = preSolution
		Debug|x64 = Debug|x64
		Debug|x86 = Debug|x86
		Release|x64 = Release|x64
		Release|x86 = Release|x86
	EndGlobalSection
	GlobalSection(ProjectConfigurationPlatforms) = postSolution
		{403371B3-7490-4F5F-B4CB-0058B466D6DD}.Debug|x64.ActiveCfg = Debug|x64
		{403371B3-7490-4F5F-B4CB-0058B466D6DD}.Debug|x64.Build.0 = Debug|x64
		{403371B3-7490-4F5F-B4CB-0058B466D6DD}.Debug|x86.ActiveCfg = Debug|Win32
		{403371B3-7490-4F5F-B4CB-0058B466D6DD}.Debug|x86.Build.0 = Debug|Win32
		{403371B3-7490-4F5F-B4CB-0058B466D6DD}.Release|x64.ActiveCfg = Release|x64
		{403371B3-7490-4F5F-B4CB-0058B466D6DD}.Release|x64.Build.0 = Release|x64
		{403371B3-7490-4F5F-B4CB-0058B466D6DD}.Release|x86.ActiveCfg = Release|Win32
		{403371B3-7490-4F5F-B4CB-0058B466D6DD}.Release|x86.Build.0 = Release|Win32
	EndGlobalSection
	GlobalSection(SolutionProperties) = preSolution
		HideSolutionNode = FALSE
	EndGlobalSection
	GlobalSection(ExtensibilityGlobals) = postSolution
		SolutionGuid = {F40D6571-1055-44B0-B52C-3CDC2C1558AF}
	EndGlobalSection
EndGlobal
